{
  "version": 4,
  "terraform_version": "1.8.5",
  "serial": 4,
  "lineage": "7e1b8a01-07e3-c290-6ff5-4cf018afaa34",
  "outputs": {
    "server_params": {
      "value": [
        "2024-07-09T05:35:13.765Z",
        "31b81274-909c-4b1a-b9b8-dfd4b3e16ce5",
        "running",
        2,
        4096,
        40,
        [
          {
            "assignment_id": "428ebb8e-7a76-4244-b112-f629f825c646",
            "ip_address": "2.59.37.94",
            "primary": true,
            "reverse_dns": "ip-2-59-37-94.ah-server.com",
            "type": "public"
          }
        ]
      ],
      "type": [
        "tuple",
        [
          "string",
          "string",
          "string",
          "number",
          "number",
          "number",
          [
            "list",
            [
              "object",
              {
                "assignment_id": "string",
                "ip_address": "string",
                "primary": "bool",
                "reverse_dns": "string",
                "type": "string"
              }
            ]
          ]
        ]
      ]
    }
  },
  "resources": [
    {
      "mode": "data",
      "type": "local_file",
      "name": "ah_api_key",
      "provider": "provider[\"registry.terraform.io/hashicorp/local\"]",
      "instances": [
        {
          "schema_version": 0,
          "attributes": {
            "content": "eyJraWQiOiJ4UTVmbFI5NDBiMXdjTW85NFBMUHhHdzFyb1pCSXBTYnFReWlqcWZUc0xzIiwidHlwIjoiSldUIiwiYWxnIjoiUlM1MTIifQ.eyJpc3MiOiJOb3BlIiwiaWF0IjoxNzE5NDA3OTUzLCJqdGkiOiJkZWI1MGMyYS1lOTZkLTRlYjctYTllMy1hZTZkOWMyZmM5M2QiLCJ1c2VyIjp7ImlkIjoiMjZlYTVjODgtNDU2Ny00N2NjLWIxYjItMDIzOWRhMTc5MDU1IiwiYWNjb3VudF9pZCI6ImRhNzkwMDhhLTU3N2EtNGU2Yi04NDdkLWQxNGUxNDgxZTY3MSIsImVtYWlsIjoidmljdG9yQGFjY2VsZXJhdGVkYWdlbmN5LmNvbSJ9fQ.qRGhq4FFnavU_TwhihXIyeMfac14yFhQDNu3TCPYRvL5IEPDYq0QWPhbCjCe0WYTZkKAWYQwf5qaRYpe4-gW3cvrLuhHYSKVt-urQT_5ei6xZzqdoy45MyVmUc9YEB9FjRLlrnkAvQIN1yk6RAaFyXzDKMBkBiVPZp1CBmOfvK8uiwYc5L7XoS_tVpkmXtBsoSqY5nzCJk50aez1NPYO9gXiQHeuE2jO-WCZUksh4jvBk7EA0Ofur5OhDTTC31Gdez2KNnLFsL0Tk8BG75eCdEX0LgXRSLAyJv-MnHOMI8P5EVLoBnWrxYqWTgf1Fa80Kl26iR7kFhuFuaYsRwOmXCzHwadSiPz5ni7PtU8HFdBkqCCUHguCuTO7BfHe9eSGOOIoS0oLmIJ_3AtnugqbrIMD-Qe9TBFJVocpGcmXogZnOok5tdt9Ooo9Fo7nCq9J3csbp-Mkw4HC0oNEplr8e9FerA_BbPfsoaw2Xw7-QRCIaf48oRaUqNFQswqK7Ek4Vr_qg9eSgxnSxejPZW0zf1HM64PUjViyqAJw4Un4pRDXUrCyUgMquiIggtVo6OqTgmPhTc0gb7vbSEqKyRphNK9d50DfYKRaKjvIFhRyIHUybZ1PeVODX-3DCtP3jLXCfhNW_Qt9ySG-NjsTH4_LRGfQ6tciCCL-tJoiArHDIN0",
            "content_base64": "ZXlKcmFXUWlPaUo0VVRWbWJGSTVOREJpTVhkalRXODVORkJNVUhoSGR6RnliMXBDU1hCVFluRlJlV2xxY1daVWMweHpJaXdpZEhsd0lqb2lTbGRVSWl3aVlXeG5Jam9pVWxNMU1USWlmUS5leUpwYzNNaU9pSk9iM0JsSWl3aWFXRjBJam94TnpFNU5EQTNPVFV6TENKcWRHa2lPaUprWldJMU1HTXlZUzFsT1Raa0xUUmxZamN0WVRsbE15MWhaVFprT1dNeVptTTVNMlFpTENKMWMyVnlJanA3SW1sa0lqb2lNalpsWVRWak9EZ3RORFUyTnkwME4yTmpMV0l4WWpJdE1ESXpPV1JoTVRjNU1EVTFJaXdpWVdOamIzVnVkRjlwWkNJNkltUmhOemt3TURoaExUVTNOMkV0TkdVMllpMDRORGRrTFdReE5HVXhORGd4WlRZM01TSXNJbVZ0WVdsc0lqb2lkbWxqZEc5eVFHRmpZMlZzWlhKaGRHVmtZV2RsYm1ONUxtTnZiU0o5ZlEucVJHaHE0RkZuYXZVX1R3aGloWEl5ZU1mYWMxNHlGaFFETnUzVENQWVJ2TDVJRVBEWXEwUVdQaGJDakNlMFdZVFprS0FXWVF3ZjVxYVJZcGU0LWdXM2N2ckx1aEhZU0tWdC11clFUXzVlaTZ4WnpxZG95NDVNeVZtVWM5WUVCOUZqUkxscm5rQXZRSU4xeWs2UkFhRnlYekRLTUJrQmlWUFpwMUNCbU9mdks4dWl3WWM1TDdYb1NfdFZwa21YdEJzb1NxWTVuekNKazUwYWV6MU5QWU85Z1hpUUhldUUyak8tV0NaVWtzaDRqdkJrN0VBME9mdXI1T2hEVFRDMzFHZGV6MktObkxGc0wwVGs4Qkc3NWVDZEVYMExnWFJTTEF5SnYtTW5IT01JOFA1RVZMb0JuV3J4WXFXVGdmMUZhODBLbDI2aVI3a0ZodUZ1YVlzUndPbVhDekh3YWRTaVB6NW5pN1B0VThIRmRCa3FDQ1VIZ3VDdVRPN0JmSGU5ZVNHT09Jb1Mwb0xtSUpfM0F0bnVncWJySU1ELVFlOVRCRkpWb2NwR2NtWG9nWm5Pb2s1dGR0OU9vbzlGbzduQ3E5SjNjc2JwLU1rdzRIQzBvTkVwbHI4ZTlGZXJBX0JiUGZzb2F3Mlh3Ny1RUkNJYWY0OG9SYVVxTkZRc3dxSzdFazRWcl9xZzllU2d4blN4ZWpQWlcwemYxSE02NFBValZpeXFBSnc0VW40cFJEWFVyQ3lVZ01xdWlJZ2d0Vm82T3FUZ21QaFRjMGdiN3ZiU0VxS3lScGhOSzlkNTBEZllLUmFLanZJRmhSeUlIVXliWjFQZVZPRFgtM0RDdFAzakxYQ2ZoTldfUXQ5eVNHLU5qc1RINF9MUkdmUTZ0Y2lDQ0wtdEpvaUFySERJTjA=",
            "content_base64sha256": "cfa04sf651+bxUUCH3LfaHY7fbk/kHQRXYdY519CUjU=",
            "content_base64sha512": "vtmJ5FAfXp32p3yKMDtBRSRHrIO8AjXKVtt4O/HqeE05qkQRpq+hBM9y3LxfSOm0OqcqyfLHMdigCRaxd//JOQ==",
            "content_md5": "02d184a8fb4b7a7e3cd17c6f5a90e939",
            "content_sha1": "0d49741cdef709c9df17941b1a061586e679d63b",
            "content_sha256": "71f6b4e2c7fae75f9bc545021f72df68763b7db93f9074115d8758e75f425235",
            "content_sha512": "bed989e4501f5e9df6a77c8a303b41452447ac83bc0235ca56db783bf1ea784d39aa4411a6afa104cf72dcbc5f48e9b43aa72ac9f2c731d8a00916b177ffc939",
            "filename": "../keys/ah_api_key.private",
            "id": "0d49741cdef709c9df17941b1a061586e679d63b"
          },
          "sensitive_attributes": []
        }
      ]
    },
    {
      "mode": "managed",
      "type": "ah_cloud_server",
      "name": "xlr8d-da-platform-dev",
      "provider": "provider[\"registry.terraform.io/advancedhosting/ah\"]",
      "instances": [
        {
          "schema_version": 0,
          "attributes": {
            "backups": false,
            "cluster_id": "0",
            "create_public_ip_address": true,
            "created_at": "2024-07-09T05:35:13.765Z",
            "datacenter": "ams1",
            "disk": 40,
            "id": "31b81274-909c-4b1a-b9b8-dfd4b3e16ce5",
            "image": "ubuntu-24_04-x64",
            "ips": [
              {
                "assignment_id": "428ebb8e-7a76-4244-b112-f629f825c646",
                "ip_address": "2.59.37.94",
                "primary": true,
                "reverse_dns": "ip-2-59-37-94.ah-server.com",
                "type": "public"
              }
            ],
            "name": "DA platform [dev]",
            "node_id": "0",
            "plan": "start-l",
            "private_cloud": false,
            "product": null,
            "ram": 4096,
            "ssh_keys": [
              "85:f8:28:8c:60:c5:ab:fe:db:e1:43:61:c9:a2:06:26"
            ],
            "state": "running",
            "use_password": false,
            "vcpu": 2
          },
          "sensitive_attributes": [],
          "private": "bnVsbA==",
          "dependencies": [
            "ah_ssh_key.xlr8d-da-platform-dev-rsa",
            "data.local_file.ah_api_key"
          ]
        }
      ]
    },
    {
      "mode": "managed",
      "type": "ah_ssh_key",
      "name": "xlr8d-da-platform-dev-rsa",
      "provider": "provider[\"registry.terraform.io/advancedhosting/ah\"]",
      "instances": [
        {
          "schema_version": 0,
          "attributes": {
            "created_at": "2024-07-09T05:35:12.432Z",
            "fingerprint": "85:f8:28:8c:60:c5:ab:fe:db:e1:43:61:c9:a2:06:26",
            "id": "56598cff-7586-4153-8251-b31e174e2ba4",
            "name": "DA platform [dev]",
            "public_key": "ssh-rsa AAAAB3NzaC1yc2EAAAADAQABAAABgQDKvDmBJuDBA3WVH+BduFHQ8cAasP9VQkgkDcns4375LNNK9B3DRj/zuf16vP3WgO51SUs+CK8Q4g+oG6rZClkC1GokN9jf4K5JdjDoZc1vY/gmhcnRqkimgSfFTFF5TmPGXTUjNQc9rX+Wsx0aK3CZJJhIUTeo046i8Gm85W3woKr+mwJERs/99z+ZVGJ+/uxukFAGodWA9selkui8uyLKpYuuuEUqJ8R4j92hDEhHUwRObFH+z/RbuzPIInV6DXAdFMs0wC06kVZHNnwN3bZg0xtD3UUyjgZTd1nRs5tsl/VRf1n7girZgFAiJd7BsKLZV3rd/WuPDXhkonXLPEI19MYU9KHhHzirNs1h8xJFpcW5Z/G8jEJa0qxikMAS7MNKKCbEsaImal/hLZPaHwbY0WNl19K+mGDWMRiE+meTvo3xFDZLnTGDujZaMVGUNTMQdCpVl5nkifLaY0agLUiFCUTu9yLKHmrhcPqk2fcuxSisCL3ni1HcgygxvnsTLk0= pontius@dev-infra\n"
          },
          "sensitive_attributes": [],
          "private": "bnVsbA==",
          "dependencies": [
            "data.local_file.ah_api_key"
          ]
        }
      ]
    },
    {
      "mode": "managed",
      "type": "local_file",
      "name": "running_servers",
      "provider": "provider[\"registry.terraform.io/hashicorp/local\"]",
      "instances": [
        {
          "schema_version": 0,
          "attributes": {
            "content": "2.59.37.94",
            "content_base64": null,
            "content_base64sha256": "toH/hFkgF5hCZrHjMj+ryiVY7EyZ2rXqY6CJ0CjBwx8=",
            "content_base64sha512": "WZWrx4inP3lRoldgVUzYFc5DtcF/oTRfvn8aRNtfPYMilg1s4NOzqT8F0SdTz4mU0g0Wfit6w5azer1+Yx6NOw==",
            "content_md5": "4d17117e0271445f7f0c48bc7630ad1b",
            "content_sha1": "9a4e79068854c31f9c2f846e7a0da6e3a4912462",
            "content_sha256": "b681ff84592017984266b1e3323fabca2558ec4c99dab5ea63a089d028c1c31f",
            "content_sha512": "5995abc788a73f7951a25760554cd815ce43b5c17fa1345fbe7f1a44db5f3d8322960d6ce0d3b3a93f05d12753cf8994d20d167e2b7ac396b37abd7e631e8d3b",
            "directory_permission": "0777",
            "file_permission": "0777",
            "filename": "./running.server.ip",
            "id": "9a4e79068854c31f9c2f846e7a0da6e3a4912462",
            "sensitive_content": null,
            "source": null
          },
          "sensitive_attributes": [
            [
              {
                "type": "get_attr",
                "value": "sensitive_content"
              }
            ]
          ],
          "dependencies": [
            "ah_cloud_server.xlr8d-da-platform-dev",
            "ah_ssh_key.xlr8d-da-platform-dev-rsa",
            "data.local_file.ah_api_key"
          ]
        }
      ]
    }
  ],
  "check_results": null
}
